<?xml version="1.0" encoding="utf-8"?>
<Project ToolsVersion="4.0" xmlns="http://schemas.microsoft.com/developer/msbuild/2003">
  <ItemGroup>
    <Filter Include="Soruce">
      <UniqueIdentifier>{e93e6de1-53b4-4814-8559-366092896375}</UniqueIdentifier>
    </Filter>
    <Filter Include="Soruce\Public">
      <UniqueIdentifier>{6d7c0387-49fb-45e0-9e8f-b168cc572c39}</UniqueIdentifier>
    </Filter>
    <Filter Include="Soruce\Private">
      <UniqueIdentifier>{a435b29d-9604-4084-b9e8-1fa48f4d1f57}</UniqueIdentifier>
    </Filter>
    <Filter Include="Main">
      <UniqueIdentifier>{504f88cc-5f5f-44a6-9322-77b86a620d9f}</UniqueIdentifier>
    </Filter>
    <Filter Include="Soruce\Private\Framework">
      <UniqueIdentifier>{d1c2eed8-ed77-4461-8ffd-f3641aba8304}</UniqueIdentifier>
    </Filter>
    <Filter Include="Soruce\Public\Framework">
      <UniqueIdentifier>{2d594c27-f261-4b73-80c1-8c0d39b6d7cd}</UniqueIdentifier>
    </Filter>
    <Filter Include="Packet">
      <UniqueIdentifier>{7f62471f-e6ad-4e2b-a126-9dcff6d50255}</UniqueIdentifier>
    </Filter>
    <Filter Include="Pch">
      <UniqueIdentifier>{2442ac71-a733-452b-9f5c-32d05b452742}</UniqueIdentifier>
    </Filter>
    <Filter Include="Pch\Private">
      <UniqueIdentifier>{396ddfed-022b-4e91-bd00-9cf433f218c8}</UniqueIdentifier>
    </Filter>
    <Filter Include="Pch\Public">
      <UniqueIdentifier>{1e52e377-ef58-48b6-82cf-825a86217d6a}</UniqueIdentifier>
    </Filter>
    <Filter Include="Packet\Public">
      <UniqueIdentifier>{586b6376-9cec-4f14-84c7-d1eb7936870c}</UniqueIdentifier>
    </Filter>
    <Filter Include="Packet\Private">
      <UniqueIdentifier>{14f88996-76ce-45b8-8667-a43ca9369b40}</UniqueIdentifier>
    </Filter>
  </ItemGroup>
  <ItemGroup>
    <ClInclude Include="pch.h">
      <Filter>Pch\Public</Filter>
    </ClInclude>
    <ClInclude Include="IdentityForward.h">
      <Filter>Pch\Public</Filter>
    </ClInclude>
    <ClInclude Include="IdentityLibaray.h">
      <Filter>Pch\Public</Filter>
    </ClInclude>
    <ClInclude Include="IdentityService.h">
      <Filter>Soruce\Public\Framework</Filter>
    </ClInclude>
    <ClInclude Include="IdentityPlayerState.h">
      <Filter>Soruce\Public\Framework</Filter>
    </ClInclude>
    <ClInclude Include="IdentityListener.h">
      <Filter>Soruce\Public\Framework</Filter>
    </ClInclude>
    <ClInclude Include="IdentityGameState.h">
      <Filter>Soruce\Public\Framework</Filter>
    </ClInclude>
    <ClInclude Include="IdentityPacket.pb.h">
      <Filter>Packet\Public</Filter>
    </ClInclude>
    <ClInclude Include="IdentityServerPacketHandler.h">
      <Filter>Packet\Public</Filter>
    </ClInclude>
  </ItemGroup>
  <ItemGroup>
    <ClCompile Include="pch.cpp">
      <Filter>Pch\Private</Filter>
    </ClCompile>
    <ClCompile Include="IdentityLibaray.cpp">
      <Filter>Pch\Private</Filter>
    </ClCompile>
    <ClCompile Include="IdentityServer.cpp">
      <Filter>Main</Filter>
    </ClCompile>
    <ClCompile Include="IdentityGameState.cpp">
      <Filter>Soruce\Private\Framework</Filter>
    </ClCompile>
    <ClCompile Include="IdentityListener.cpp">
      <Filter>Soruce\Private\Framework</Filter>
    </ClCompile>
    <ClCompile Include="IdentityPlayerState.cpp">
      <Filter>Soruce\Private\Framework</Filter>
    </ClCompile>
    <ClCompile Include="IdentityService.cpp">
      <Filter>Soruce\Private\Framework</Filter>
    </ClCompile>
    <ClCompile Include="IdentityPacket.pb.cc">
      <Filter>Packet\Private</Filter>
    </ClCompile>
    <ClCompile Include="IdentityServerPacketHandler.cpp">
      <Filter>Packet\Private</Filter>
    </ClCompile>
  </ItemGroup>
  <ItemGroup>
    <None Include="..\Protobuf\Generator\bin\ProtoSoruce\IdentityPacket.proto">
      <Filter>Packet\Public</Filter>
    </None>
  </ItemGroup>
</Project>