<?xml version="1.0" encoding="utf-8"?>
<Project ToolsVersion="4.0" xmlns="http://schemas.microsoft.com/developer/msbuild/2003">
  <ItemGroup>
    <Filter Include="Main">
      <UniqueIdentifier>{504f88cc-5f5f-44a6-9322-77b86a620d9f}</UniqueIdentifier>
    </Filter>
    <Filter Include="Packet">
      <UniqueIdentifier>{7f62471f-e6ad-4e2b-a126-9dcff6d50255}</UniqueIdentifier>
    </Filter>
    <Filter Include="Pch">
      <UniqueIdentifier>{2442ac71-a733-452b-9f5c-32d05b452742}</UniqueIdentifier>
    </Filter>
    <Filter Include="Pch\Private">
      <UniqueIdentifier>{396ddfed-022b-4e91-bd00-9cf433f218c8}</UniqueIdentifier>
    </Filter>
    <Filter Include="Pch\Public">
      <UniqueIdentifier>{1e52e377-ef58-48b6-82cf-825a86217d6a}</UniqueIdentifier>
    </Filter>
    <Filter Include="Packet\Public">
      <UniqueIdentifier>{586b6376-9cec-4f14-84c7-d1eb7936870c}</UniqueIdentifier>
    </Filter>
    <Filter Include="Packet\Private">
      <UniqueIdentifier>{14f88996-76ce-45b8-8667-a43ca9369b40}</UniqueIdentifier>
    </Filter>
    <Filter Include="Database">
      <UniqueIdentifier>{f5b459a5-ce30-446b-bb90-3bc785d7bfbf}</UniqueIdentifier>
    </Filter>
    <Filter Include="Database\Private">
      <UniqueIdentifier>{4364194e-dba0-4a87-ad05-ff36222358ce}</UniqueIdentifier>
    </Filter>
    <Filter Include="Database\Public">
      <UniqueIdentifier>{4c88973c-2988-41e8-a27f-62f0b3c19db3}</UniqueIdentifier>
    </Filter>
    <Filter Include="Source">
      <UniqueIdentifier>{e93e6de1-53b4-4814-8559-366092896375}</UniqueIdentifier>
    </Filter>
    <Filter Include="Source\Public">
      <UniqueIdentifier>{6d7c0387-49fb-45e0-9e8f-b168cc572c39}</UniqueIdentifier>
    </Filter>
    <Filter Include="Source\Public\Framework">
      <UniqueIdentifier>{2d594c27-f261-4b73-80c1-8c0d39b6d7cd}</UniqueIdentifier>
    </Filter>
    <Filter Include="Source\Public\Content">
      <UniqueIdentifier>{b134d93d-18fd-4626-82fd-0b0e8ae88531}</UniqueIdentifier>
    </Filter>
    <Filter Include="Source\Private">
      <UniqueIdentifier>{a435b29d-9604-4084-b9e8-1fa48f4d1f57}</UniqueIdentifier>
    </Filter>
    <Filter Include="Source\Private\Framework">
      <UniqueIdentifier>{d1c2eed8-ed77-4461-8ffd-f3641aba8304}</UniqueIdentifier>
    </Filter>
    <Filter Include="Source\Private\Content">
      <UniqueIdentifier>{11715d3a-6a8c-4141-b801-4facfbdefcff}</UniqueIdentifier>
    </Filter>
    <Filter Include="Packet\Handler">
      <UniqueIdentifier>{aaf7afb5-575a-43c5-b88f-4c0761efdb7b}</UniqueIdentifier>
    </Filter>
    <Filter Include="Source\Private\Content\Room">
      <UniqueIdentifier>{bc899aa8-9e69-4c9f-8cdb-66946ac0622f}</UniqueIdentifier>
    </Filter>
    <Filter Include="Source\Private\Content\Player">
      <UniqueIdentifier>{cb8f6f19-0c5b-4f66-b609-933ec8e5a775}</UniqueIdentifier>
    </Filter>
    <Filter Include="Source\Private\Content\World">
      <UniqueIdentifier>{e5af0aa6-243c-4f22-907e-2f43e975a54a}</UniqueIdentifier>
    </Filter>
    <Filter Include="Source\Public\Content\Player">
      <UniqueIdentifier>{28e1a9da-4ecd-4bb2-986d-a1df6425188c}</UniqueIdentifier>
    </Filter>
    <Filter Include="Source\Public\Content\Room">
      <UniqueIdentifier>{d776f032-6abd-4f68-a877-a1ad5d55fe64}</UniqueIdentifier>
    </Filter>
    <Filter Include="Source\Public\Content\World">
      <UniqueIdentifier>{1d33d68e-c7f6-499b-96bf-92c3c8089585}</UniqueIdentifier>
    </Filter>
    <Filter Include="Source\Public\Content\Manager">
      <UniqueIdentifier>{d6f10bc8-543c-4f15-bc5c-57291824746e}</UniqueIdentifier>
    </Filter>
    <Filter Include="Source\Private\Content\Manager">
      <UniqueIdentifier>{bd4eb156-064a-46f4-ae41-3e2cb8a073d9}</UniqueIdentifier>
    </Filter>
  </ItemGroup>
  <ItemGroup>
    <ClInclude Include="pch.h">
      <Filter>Pch\Public</Filter>
    </ClInclude>
    <ClInclude Include="IdentityForward.h">
      <Filter>Pch\Public</Filter>
    </ClInclude>
    <ClInclude Include="IdentityLibaray.h">
      <Filter>Pch\Public</Filter>
    </ClInclude>
    <ClInclude Include="IdentityService.h">
      <Filter>Source\Public\Framework</Filter>
    </ClInclude>
    <ClInclude Include="IdentityPlayerState.h">
      <Filter>Source\Public\Framework</Filter>
    </ClInclude>
    <ClInclude Include="IdentityListener.h">
      <Filter>Source\Public\Framework</Filter>
    </ClInclude>
    <ClInclude Include="IdentityGameState.h">
      <Filter>Source\Public\Framework</Filter>
    </ClInclude>
    <ClInclude Include="IdentityPacket.pb.h">
      <Filter>Packet\Public</Filter>
    </ClInclude>
    <ClInclude Include="PacketEnum.pb.h">
      <Filter>Packet\Public</Filter>
    </ClInclude>
    <ClInclude Include="PacketStruct.pb.h">
      <Filter>Packet\Public</Filter>
    </ClInclude>
    <ClInclude Include="IdentityDatabase.h">
      <Filter>Source\Public\Framework</Filter>
    </ClInclude>
    <ClInclude Include="DatabaseHandler.h">
      <Filter>Database\Public</Filter>
    </ClInclude>
    <ClInclude Include="CommonPacket.pb.h">
      <Filter>Packet\Public</Filter>
    </ClInclude>
    <ClInclude Include="FowradEnum.h">
      <Filter>Pch\Public</Filter>
    </ClInclude>
    <ClInclude Include="IdentityServerPacketHandler.h">
      <Filter>Packet\Handler</Filter>
    </ClInclude>
    <ClInclude Include="CommonServerPacketHandler.h">
      <Filter>Packet\Handler</Filter>
    </ClInclude>
    <ClInclude Include="PacketManager.h">
      <Filter>Packet\Handler</Filter>
    </ClInclude>
    <ClInclude Include="IdentitiyDatabase.h">
      <Filter>Database\Public</Filter>
    </ClInclude>
    <ClInclude Include="CharacterDatabase.h">
      <Filter>Database\Public</Filter>
    </ClInclude>
    <ClInclude Include="IdentityDataManager.h">
      <Filter>Source\Public\Framework</Filter>
    </ClInclude>
    <ClInclude Include="IdentityTask.h">
      <Filter>Source\Public\Framework</Filter>
    </ClInclude>
    <ClInclude Include="SharedDatabase.h">
      <Filter>Database\Public</Filter>
    </ClInclude>
    <ClInclude Include="LoginCharacter.h">
      <Filter>Source\Public\Content\Player</Filter>
    </ClInclude>
    <ClInclude Include="LoginRemotePlayer.h">
      <Filter>Source\Public\Content\Player</Filter>
    </ClInclude>
    <ClInclude Include="CustomRoom.h">
      <Filter>Source\Public\Content\Room</Filter>
    </ClInclude>
    <ClInclude Include="LoginRoom.h">
      <Filter>Source\Public\Content\Room</Filter>
    </ClInclude>
    <ClInclude Include="SelectRoom.h">
      <Filter>Source\Public\Content\Room</Filter>
    </ClInclude>
    <ClInclude Include="LoginWorld.h">
      <Filter>Source\Public\Content\World</Filter>
    </ClInclude>
    <ClInclude Include="CharacterManager.h">
      <Filter>Source\Public\Content\Manager</Filter>
    </ClInclude>
    <ClInclude Include="RoomManager.h">
      <Filter>Source\Public\Content\Manager</Filter>
    </ClInclude>
    <ClInclude Include="IdentityManager.h">
      <Filter>Source\Public\Content\Manager</Filter>
    </ClInclude>
  </ItemGroup>
  <ItemGroup>
    <ClCompile Include="pch.cpp">
      <Filter>Pch\Private</Filter>
    </ClCompile>
    <ClCompile Include="IdentityLibaray.cpp">
      <Filter>Pch\Private</Filter>
    </ClCompile>
    <ClCompile Include="IdentityServer.cpp">
      <Filter>Main</Filter>
    </ClCompile>
    <ClCompile Include="IdentityGameState.cpp">
      <Filter>Source\Private\Framework</Filter>
    </ClCompile>
    <ClCompile Include="IdentityListener.cpp">
      <Filter>Source\Private\Framework</Filter>
    </ClCompile>
    <ClCompile Include="IdentityPlayerState.cpp">
      <Filter>Source\Private\Framework</Filter>
    </ClCompile>
    <ClCompile Include="IdentityService.cpp">
      <Filter>Source\Private\Framework</Filter>
    </ClCompile>
    <ClCompile Include="IdentityPacket.pb.cc">
      <Filter>Packet\Private</Filter>
    </ClCompile>
    <ClCompile Include="PacketEnum.pb.cc">
      <Filter>Packet\Private</Filter>
    </ClCompile>
    <ClCompile Include="PacketStruct.pb.cc">
      <Filter>Packet\Private</Filter>
    </ClCompile>
    <ClCompile Include="IdentityDatabase.cpp">
      <Filter>Source\Private\Framework</Filter>
    </ClCompile>
    <ClCompile Include="DatabaseHandler.cpp">
      <Filter>Database\Private</Filter>
    </ClCompile>
    <ClCompile Include="CommonPacket.pb.cc">
      <Filter>Packet\Private</Filter>
    </ClCompile>
    <ClCompile Include="IdentityServerPacketHandler.cpp">
      <Filter>Packet\Handler</Filter>
    </ClCompile>
    <ClCompile Include="PacketManager.cpp">
      <Filter>Packet\Handler</Filter>
    </ClCompile>
    <ClCompile Include="IdentitiyDatabase.cpp">
      <Filter>Database\Private</Filter>
    </ClCompile>
    <ClCompile Include="CharacterDatabase.cpp">
      <Filter>Database\Private</Filter>
    </ClCompile>
    <ClCompile Include="CommonServerPacketHandler.cpp">
      <Filter>Packet\Handler</Filter>
    </ClCompile>
    <ClCompile Include="IdentityDataManager.cpp">
      <Filter>Source\Private\Framework</Filter>
    </ClCompile>
    <ClCompile Include="IdentityTask.cpp">
      <Filter>Source\Private\Framework</Filter>
    </ClCompile>
    <ClCompile Include="SharedDatabase.cpp">
      <Filter>Database\Private</Filter>
    </ClCompile>
    <ClCompile Include="CustomRoom.cpp">
      <Filter>Source\Private\Content\Room</Filter>
    </ClCompile>
    <ClCompile Include="LoginRoom.cpp">
      <Filter>Source\Private\Content\Room</Filter>
    </ClCompile>
    <ClCompile Include="SelectRoom.cpp">
      <Filter>Source\Private\Content\Room</Filter>
    </ClCompile>
    <ClCompile Include="LoginCharacter.cpp">
      <Filter>Source\Private\Content\Player</Filter>
    </ClCompile>
    <ClCompile Include="LoginRemotePlayer.cpp">
      <Filter>Source\Private\Content\Player</Filter>
    </ClCompile>
    <ClCompile Include="LoginWorld.cpp">
      <Filter>Source\Private\Content\World</Filter>
    </ClCompile>
    <ClCompile Include="CharacterManager.cpp">
      <Filter>Source\Private\Content\Manager</Filter>
    </ClCompile>
    <ClCompile Include="RoomManager.cpp">
      <Filter>Source\Private\Content\Manager</Filter>
    </ClCompile>
    <ClCompile Include="IdentityManager.cpp">
      <Filter>Source\Private\Content\Manager</Filter>
    </ClCompile>
  </ItemGroup>
</Project>