<?xml version="1.0" encoding="utf-8"?>
<Project ToolsVersion="4.0" xmlns="http://schemas.microsoft.com/developer/msbuild/2003">
  <ItemGroup>
    <Filter Include="PCH">
      <UniqueIdentifier>{d2846faa-102b-4dde-9d6b-efba6d912687}</UniqueIdentifier>
    </Filter>
    <Filter Include="Main">
      <UniqueIdentifier>{4632ba14-0962-4009-9f76-e92b2c0389c1}</UniqueIdentifier>
    </Filter>
    <Filter Include="Error">
      <UniqueIdentifier>{e06f9667-b356-4779-a035-f3792ef94a9d}</UniqueIdentifier>
    </Filter>
    <Filter Include="Common">
      <UniqueIdentifier>{8bba814d-c254-4965-85b7-b09477942049}</UniqueIdentifier>
    </Filter>
    <Filter Include="Common\Struct">
      <UniqueIdentifier>{406a88e0-96a6-4709-b71f-43d8f33ea31e}</UniqueIdentifier>
    </Filter>
    <Filter Include="Common\Enum">
      <UniqueIdentifier>{d27b7ff4-4d29-4924-b56b-067f7e0e788c}</UniqueIdentifier>
    </Filter>
  </ItemGroup>
  <ItemGroup>
    <ClInclude Include="CommonLibaray.h">
      <Filter>PCH</Filter>
    </ClInclude>
    <ClInclude Include="pch.h">
      <Filter>PCH</Filter>
    </ClInclude>
    <ClInclude Include="CommonErrorTypes.h">
      <Filter>Error</Filter>
    </ClInclude>
  </ItemGroup>
  <ItemGroup>
    <ClCompile Include="pch.cpp">
      <Filter>PCH</Filter>
    </ClCompile>
    <ClCompile Include="main.cpp">
      <Filter>Main</Filter>
    </ClCompile>
  </ItemGroup>
</Project>