
Microsoft Visual Studio Solution File, Format Version 12.00
# Visual Studio Version 17
VisualStudioVersion = 17.4.33110.190
MinimumVisualStudioVersion = 10.0.40219.1
Project("{888888A0-9F3D-457C-B088-3A5042F75D52}") = "PacketGenerator", "PacketGenerator\PacketGenerator.pyproj", "{8E49C3F6-B62D-47E1-8437-DEB167DC2638}"
EndProject
Project("{888888A0-9F3D-457C-B088-3A5042F75D52}") = "PacketFileModify", "PacketFileModify\PacketFileModify.pyproj", "{7D07BDFD-50C0-448C-A473-09C1C9D171D9}"
EndProject
Global
	GlobalSection(SolutionConfigurationPlatforms) = preSolution
		Debug|Any CPU = Debug|Any CPU
		Release|Any CPU = Release|Any CPU
	EndGlobalSection
	GlobalSection(ProjectConfigurationPlatforms) = postSolution
		{8E49C3F6-B62D-47E1-8437-DEB167DC2638}.Debug|Any CPU.ActiveCfg = Debug|Any CPU
		{8E49C3F6-B62D-47E1-8437-DEB167DC2638}.Release|Any CPU.ActiveCfg = Release|Any CPU
		{7D07BDFD-50C0-448C-A473-09C1C9D171D9}.Debug|Any CPU.ActiveCfg = Debug|Any CPU
		{7D07BDFD-50C0-448C-A473-09C1C9D171D9}.Release|Any CPU.ActiveCfg = Release|Any CPU
	EndGlobalSection
	GlobalSection(SolutionProperties) = preSolution
		HideSolutionNode = FALSE
	EndGlobalSection
	GlobalSection(ExtensibilityGlobals) = postSolution
		SolutionGuid = {3E7B7B04-88F7-497F-9D90-CCA1647DEECC}
	EndGlobalSection
EndGlobal
