<?xml version="1.0" encoding="utf-8"?>
<Project ToolsVersion="4.0" xmlns="http://schemas.microsoft.com/developer/msbuild/2003">
  <ItemGroup>
    <Filter Include="Database">
      <UniqueIdentifier>{f672f3c2-3411-4c59-bd71-ee0239368943}</UniqueIdentifier>
    </Filter>
    <Filter Include="Main">
      <UniqueIdentifier>{a5b25f96-dba6-448e-a2d1-1c1024ef3080}</UniqueIdentifier>
    </Filter>
    <Filter Include="Packet">
      <UniqueIdentifier>{f8b24030-8e09-4e74-a5eb-5d64a8dcedd3}</UniqueIdentifier>
    </Filter>
    <Filter Include="Pch">
      <UniqueIdentifier>{3cfae33e-eb7b-44b0-afdc-eef28016b568}</UniqueIdentifier>
    </Filter>
    <Filter Include="Packet\Public">
      <UniqueIdentifier>{65a70a27-445f-4a19-afc2-75e6d758b50d}</UniqueIdentifier>
    </Filter>
    <Filter Include="Packet\Private">
      <UniqueIdentifier>{daa873e2-4e13-41d3-9045-7edd07cc46ad}</UniqueIdentifier>
    </Filter>
    <Filter Include="Packet\Handler">
      <UniqueIdentifier>{ae2a0028-11c0-412a-846f-2831d1565faa}</UniqueIdentifier>
    </Filter>
    <Filter Include="Pch\Public">
      <UniqueIdentifier>{dd6169de-c2fa-46d4-bb5d-3221ae1a0aba}</UniqueIdentifier>
    </Filter>
    <Filter Include="Pch\Private">
      <UniqueIdentifier>{e4e45203-a6ae-4b58-b7b1-c9da1d295988}</UniqueIdentifier>
    </Filter>
    <Filter Include="Database\Public">
      <UniqueIdentifier>{f89b40a9-c9a9-46ee-8ba8-0a24ceae6fe4}</UniqueIdentifier>
    </Filter>
    <Filter Include="Database\Private">
      <UniqueIdentifier>{e43bbf13-2cb3-42fc-861f-ead312701906}</UniqueIdentifier>
    </Filter>
    <Filter Include="FrameWork">
      <UniqueIdentifier>{e85df83a-dd92-41f4-8654-c861f35a5724}</UniqueIdentifier>
    </Filter>
    <Filter Include="FrameWork\Public">
      <UniqueIdentifier>{3683dd84-2c0f-4c12-b647-b7556d852a60}</UniqueIdentifier>
    </Filter>
    <Filter Include="FrameWork\Private">
      <UniqueIdentifier>{d9c49e62-01b4-4396-b218-873ac6b2f319}</UniqueIdentifier>
    </Filter>
    <Filter Include="Content">
      <UniqueIdentifier>{3b106540-75de-4526-87c4-07a60dd7d5f0}</UniqueIdentifier>
    </Filter>
    <Filter Include="Content\Enemy">
      <UniqueIdentifier>{d4462627-2a35-4b59-9384-d732745e1904}</UniqueIdentifier>
    </Filter>
    <Filter Include="Content\Enemy\Public">
      <UniqueIdentifier>{54c260a6-6e81-4763-9153-336b948ac487}</UniqueIdentifier>
    </Filter>
    <Filter Include="Content\Enemy\Private">
      <UniqueIdentifier>{b666c806-b309-44a0-8239-96cb9cfe02a7}</UniqueIdentifier>
    </Filter>
    <Filter Include="Content\Player">
      <UniqueIdentifier>{bf7c2e64-0555-4bb5-96a7-0b69909893d1}</UniqueIdentifier>
    </Filter>
    <Filter Include="Content\Player\Public">
      <UniqueIdentifier>{6a8d97e9-5b83-4a4b-9e82-2c24dae84fb0}</UniqueIdentifier>
    </Filter>
    <Filter Include="Content\Player\Private">
      <UniqueIdentifier>{2ed8c19e-ad89-4d4b-8ef5-785171021fea}</UniqueIdentifier>
    </Filter>
    <Filter Include="Content\World">
      <UniqueIdentifier>{2939ced2-3673-4717-a353-39c71f64e128}</UniqueIdentifier>
    </Filter>
    <Filter Include="Content\Item">
      <UniqueIdentifier>{ca521d17-230f-4a87-8b0a-fdf97aeb4c59}</UniqueIdentifier>
    </Filter>
    <Filter Include="Content\NPC">
      <UniqueIdentifier>{76ffae56-b78a-4913-8c1b-cb8a6582b996}</UniqueIdentifier>
    </Filter>
    <Filter Include="Content\NPC\Public">
      <UniqueIdentifier>{03a9c5fd-ae42-4a18-ad8f-2f50063132c5}</UniqueIdentifier>
    </Filter>
    <Filter Include="Content\NPC\Private">
      <UniqueIdentifier>{9b14f52e-65af-4938-8b9e-5c47d2caed90}</UniqueIdentifier>
    </Filter>
    <Filter Include="Content\Component">
      <UniqueIdentifier>{ed5c81b1-3381-4f39-b18b-ba45dc8d0b90}</UniqueIdentifier>
    </Filter>
    <Filter Include="Content\PlayerCharacter">
      <UniqueIdentifier>{df2f259b-bbff-43f1-8c83-4ee8d8202802}</UniqueIdentifier>
    </Filter>
    <Filter Include="Content\Friend">
      <UniqueIdentifier>{92d0993e-9b1c-408d-a353-743b94e89516}</UniqueIdentifier>
    </Filter>
    <Filter Include="Content\Skill">
      <UniqueIdentifier>{2291bf4e-0f7c-43a1-8257-625461c76b52}</UniqueIdentifier>
    </Filter>
    <Filter Include="Content\Skill\Warrior">
      <UniqueIdentifier>{643cfaf4-42d3-4a9e-aafc-54cb6a92fe11}</UniqueIdentifier>
    </Filter>
    <Filter Include="Content\Party">
      <UniqueIdentifier>{00797370-feb7-42d8-8597-e7c2f4fc3aae}</UniqueIdentifier>
    </Filter>
  </ItemGroup>
  <ItemGroup>
    <ClCompile Include="GameServer.cpp">
      <Filter>Main</Filter>
    </ClCompile>
    <ClCompile Include="CommonPacket.pb.cc">
      <Filter>Packet\Private</Filter>
    </ClCompile>
    <ClCompile Include="PacketStruct.pb.cc">
      <Filter>Packet\Private</Filter>
    </ClCompile>
    <ClCompile Include="PacketEnum.pb.cc">
      <Filter>Packet\Private</Filter>
    </ClCompile>
    <ClCompile Include="PacketHandler.cpp">
      <Filter>Packet\Handler</Filter>
    </ClCompile>
    <ClCompile Include="GameDataBaseHandler.cpp">
      <Filter>Database\Private</Filter>
    </ClCompile>
    <ClCompile Include="GameDatabase.cpp">
      <Filter>FrameWork\Private</Filter>
    </ClCompile>
    <ClCompile Include="PlayerState.cpp">
      <Filter>FrameWork\Private</Filter>
    </ClCompile>
    <ClCompile Include="GameState.cpp">
      <Filter>FrameWork\Private</Filter>
    </ClCompile>
    <ClCompile Include="GameListener.cpp">
      <Filter>FrameWork\Private</Filter>
    </ClCompile>
    <ClCompile Include="GameService.cpp">
      <Filter>FrameWork\Private</Filter>
    </ClCompile>
    <ClCompile Include="GameLibaray.cpp">
      <Filter>Pch\Private</Filter>
    </ClCompile>
    <ClCompile Include="pch.cpp">
      <Filter>Pch\Private</Filter>
    </ClCompile>
    <ClCompile Include="GamePacket.pb.cc">
      <Filter>Packet\Private</Filter>
    </ClCompile>
    <ClCompile Include="GameServerPacketHandler.cpp">
      <Filter>Packet\Handler</Filter>
    </ClCompile>
    <ClCompile Include="InventoryDatabase.cpp">
      <Filter>Database\Private</Filter>
    </ClCompile>
    <ClCompile Include="CommonServerPacketHandler.cpp">
      <Filter>Packet\Handler</Filter>
    </ClCompile>
    <ClCompile Include="GameDatas.cpp">
      <Filter>FrameWork\Private</Filter>
    </ClCompile>
    <ClCompile Include="GameTask.cpp">
      <Filter>FrameWork\Private</Filter>
    </ClCompile>
    <ClCompile Include="CharacterDatabase.cpp">
      <Filter>Database\Private</Filter>
    </ClCompile>
    <ClCompile Include="PacketUtils.cpp" />
    <ClCompile Include="EnemySlime.cpp">
      <Filter>Content\Enemy\Private</Filter>
    </ClCompile>
    <ClCompile Include="EnemySpawner.cpp">
      <Filter>Content\Enemy\Private</Filter>
    </ClCompile>
    <ClCompile Include="EnemyCharacter.cpp">
      <Filter>Content\Enemy\Private</Filter>
    </ClCompile>
    <ClCompile Include="GameWorld.cpp">
      <Filter>Content\World</Filter>
    </ClCompile>
    <ClCompile Include="AItem.cpp">
      <Filter>Content\Item</Filter>
    </ClCompile>
    <ClCompile Include="NPCCharacter.cpp">
      <Filter>Content\NPC\Private</Filter>
    </ClCompile>
    <ClCompile Include="GameRemotePlayer.cpp">
      <Filter>Content\Player\Private</Filter>
    </ClCompile>
    <ClCompile Include="IStateEvent.cpp">
      <Filter>Content\Enemy\Private</Filter>
    </ClCompile>
    <ClCompile Include="EqipmentComponent.cpp">
      <Filter>Content\Component</Filter>
    </ClCompile>
    <ClCompile Include="StatsComponent.cpp">
      <Filter>Content\Component</Filter>
    </ClCompile>
    <ClCompile Include="AttackComponent.cpp">
      <Filter>Content\Component</Filter>
    </ClCompile>
    <ClCompile Include="WarriorCharacter.cpp">
      <Filter>Content\PlayerCharacter</Filter>
    </ClCompile>
    <ClCompile Include="PlayerCharacter.cpp">
      <Filter>Content\PlayerCharacter</Filter>
    </ClCompile>
    <ClCompile Include="Inventory.cpp">
      <Filter>Content\Item</Filter>
    </ClCompile>
    <ClCompile Include="EnemyNomalSkeleton.cpp">
      <Filter>Content\Enemy\Private</Filter>
    </ClCompile>
    <ClCompile Include="EnemyWarriorSkeleton.cpp">
      <Filter>Content\Enemy\Private</Filter>
    </ClCompile>
    <ClCompile Include="EnemyArcherSkeleton.cpp">
      <Filter>Content\Enemy\Private</Filter>
    </ClCompile>
    <ClCompile Include="Arrow.cpp">
      <Filter>Content\Enemy\Private</Filter>
    </ClCompile>
    <ClCompile Include="friendDatabase.cpp">
      <Filter>Database\Private</Filter>
    </ClCompile>
    <ClCompile Include="Friend.cpp">
      <Filter>Content\Friend</Filter>
    </ClCompile>
    <ClCompile Include="LevelComponent.cpp">
      <Filter>Content\Component</Filter>
    </ClCompile>
    <ClCompile Include="SkillDatabase.cpp">
      <Filter>Database\Private</Filter>
    </ClCompile>
    <ClCompile Include="Skill.cpp">
      <Filter>Content\Skill</Filter>
    </ClCompile>
    <ClCompile Include="ActiveSkill.cpp">
      <Filter>Content\Skill</Filter>
    </ClCompile>
    <ClCompile Include="PassiveSkill.cpp">
      <Filter>Content\Skill</Filter>
    </ClCompile>
    <ClCompile Include="WarriorParrying.cpp">
      <Filter>Content\Skill\Warrior</Filter>
    </ClCompile>
    <ClCompile Include="WarriorSwordBlow.cpp">
      <Filter>Content\Skill\Warrior</Filter>
    </ClCompile>
    <ClCompile Include="WarriorShieldBash.cpp">
      <Filter>Content\Skill\Warrior</Filter>
    </ClCompile>
    <ClCompile Include="BuffSkill.cpp">
      <Filter>Content\Skill</Filter>
    </ClCompile>
    <ClCompile Include="WarriorBuff.cpp">
      <Filter>Content\Skill\Warrior</Filter>
    </ClCompile>
  </ItemGroup>
  <ItemGroup>
    <ClInclude Include="CommonPacket.pb.h">
      <Filter>Packet\Public</Filter>
    </ClInclude>
    <ClInclude Include="PacketEnum.pb.h">
      <Filter>Packet\Public</Filter>
    </ClInclude>
    <ClInclude Include="PacketStruct.pb.h">
      <Filter>Packet\Public</Filter>
    </ClInclude>
    <ClInclude Include="GameServerPacketHandler.h">
      <Filter>Packet\Handler</Filter>
    </ClInclude>
    <ClInclude Include="CommonServerPacketHandler.h">
      <Filter>Packet\Handler</Filter>
    </ClInclude>
    <ClInclude Include="PacketHandler.h">
      <Filter>Packet\Handler</Filter>
    </ClInclude>
    <ClInclude Include="GameDataBaseHandler.h">
      <Filter>Database\Public</Filter>
    </ClInclude>
    <ClInclude Include="GameDatabase.h">
      <Filter>FrameWork\Public</Filter>
    </ClInclude>
    <ClInclude Include="PlayerState.h">
      <Filter>FrameWork\Public</Filter>
    </ClInclude>
    <ClInclude Include="GameState.h">
      <Filter>FrameWork\Public</Filter>
    </ClInclude>
    <ClInclude Include="GameListener.h">
      <Filter>FrameWork\Public</Filter>
    </ClInclude>
    <ClInclude Include="GameService.h">
      <Filter>FrameWork\Public</Filter>
    </ClInclude>
    <ClInclude Include="GameLibaray.h">
      <Filter>Pch\Public</Filter>
    </ClInclude>
    <ClInclude Include="pch.h">
      <Filter>Pch\Public</Filter>
    </ClInclude>
    <ClInclude Include="GameFoward.h">
      <Filter>Pch\Public</Filter>
    </ClInclude>
    <ClInclude Include="GamePacket.pb.h">
      <Filter>Packet\Public</Filter>
    </ClInclude>
    <ClInclude Include="InventoryDatabase.h">
      <Filter>Database\Public</Filter>
    </ClInclude>
    <ClInclude Include="GameDatas.h">
      <Filter>FrameWork\Public</Filter>
    </ClInclude>
    <ClInclude Include="Mecro.h">
      <Filter>Pch\Public</Filter>
    </ClInclude>
    <ClInclude Include="GameTask.h">
      <Filter>FrameWork\Public</Filter>
    </ClInclude>
    <ClInclude Include="CharacterDatabase.h">
      <Filter>Database\Public</Filter>
    </ClInclude>
    <ClInclude Include="PacketUtils.h">
      <Filter>Packet\Handler</Filter>
    </ClInclude>
    <ClInclude Include="EnemySlime.h">
      <Filter>Content\Enemy\Public</Filter>
    </ClInclude>
    <ClInclude Include="EnemySpawner.h">
      <Filter>Content\Enemy\Public</Filter>
    </ClInclude>
    <ClInclude Include="EnemyCharacter.h">
      <Filter>Content\Enemy\Public</Filter>
    </ClInclude>
    <ClInclude Include="GameWorld.h">
      <Filter>Content\World</Filter>
    </ClInclude>
    <ClInclude Include="AItem.h">
      <Filter>Content\Item</Filter>
    </ClInclude>
    <ClInclude Include="NPCCharacter.h">
      <Filter>Content\NPC\Public</Filter>
    </ClInclude>
    <ClInclude Include="GameRemotePlayer.h">
      <Filter>Content\Player\Public</Filter>
    </ClInclude>
    <ClInclude Include="IStateEvent.h">
      <Filter>Content\Enemy\Public</Filter>
    </ClInclude>
    <ClInclude Include="EqipmentComponent.h">
      <Filter>Content\Component</Filter>
    </ClInclude>
    <ClInclude Include="StatsComponent.h">
      <Filter>Content\Component</Filter>
    </ClInclude>
    <ClInclude Include="AttackComponent.h">
      <Filter>Content\Component</Filter>
    </ClInclude>
    <ClInclude Include="WarriorCharacter.h">
      <Filter>Content\PlayerCharacter</Filter>
    </ClInclude>
    <ClInclude Include="PlayerCharacter.h">
      <Filter>Content\PlayerCharacter</Filter>
    </ClInclude>
    <ClInclude Include="Inventory.h">
      <Filter>Content\Item</Filter>
    </ClInclude>
    <ClInclude Include="EnemyNomalSkeleton.h">
      <Filter>Content\Enemy\Public</Filter>
    </ClInclude>
    <ClInclude Include="EnemyWarriorSkeleton.h">
      <Filter>Content\Enemy\Public</Filter>
    </ClInclude>
    <ClInclude Include="EnemyArcherSkeleton.h">
      <Filter>Content\Enemy\Public</Filter>
    </ClInclude>
    <ClInclude Include="Arrow.h">
      <Filter>Content\Enemy\Public</Filter>
    </ClInclude>
    <ClInclude Include="friendDatabase.h">
      <Filter>Database\Public</Filter>
    </ClInclude>
    <ClInclude Include="Friend.h">
      <Filter>Content\Friend</Filter>
    </ClInclude>
    <ClInclude Include="LevelComponent.h">
      <Filter>Content\Component</Filter>
    </ClInclude>
    <ClInclude Include="SkillDatabase.h">
      <Filter>Database\Public</Filter>
    </ClInclude>
    <ClInclude Include="Skill.h">
      <Filter>Content\Skill</Filter>
    </ClInclude>
    <ClInclude Include="ActiveSkill.h">
      <Filter>Content\Skill</Filter>
    </ClInclude>
    <ClInclude Include="PassiveSkill.h">
      <Filter>Content\Skill</Filter>
    </ClInclude>
    <ClInclude Include="WarriorParrying.h">
      <Filter>Content\Skill\Warrior</Filter>
    </ClInclude>
    <ClInclude Include="WarriorSwordBlow.h">
      <Filter>Content\Skill\Warrior</Filter>
    </ClInclude>
    <ClInclude Include="WarriorShieldBash.h">
      <Filter>Content\Skill\Warrior</Filter>
    </ClInclude>
    <ClInclude Include="BuffSkill.h">
      <Filter>Content\Skill</Filter>
    </ClInclude>
    <ClInclude Include="WarriorBuff.h">
      <Filter>Content\Skill\Warrior</Filter>
    </ClInclude>
  </ItemGroup>
  <ItemGroup>
    <None Include="cpp.hint" />
  </ItemGroup>
</Project>